// !$*UTF8*$!
{
	archiveVersion = 1;
	classes = {
	};
	objectVersion = 50;
	objects = {

/* Begin PBXBuildFile section */
		BD667AC725A3055D001B0BA3 /* AppDelegate.swift in Sources */ = {isa = PBXBuildFile; fileRef = BD667AC625A3055D001B0BA3 /* AppDelegate.swift */; };
		BD667AC925A3055D001B0BA3 /* SceneDelegate.swift in Sources */ = {isa = PBXBuildFile; fileRef = BD667AC825A3055D001B0BA3 /* SceneDelegate.swift */; };
		BD667ACB25A3055D001B0BA3 /* ViewController.swift in Sources */ = {isa = PBXBuildFile; fileRef = BD667ACA25A3055D001B0BA3 /* ViewController.swift */; };
		BD667ACE25A3055D001B0BA3 /* Main.storyboard in Resources */ = {isa = PBXBuildFile; fileRef = BD667ACC25A3055D001B0BA3 /* Main.storyboard */; };
		BD667AD025A3055D001B0BA3 /* Assets.xcassets in Resources */ = {isa = PBXBuildFile; fileRef = BD667ACF25A3055D001B0BA3 /* Assets.xcassets */; };
		BD667AD325A3055D001B0BA3 /* LaunchScreen.storyboard in Resources */ = {isa = PBXBuildFile; fileRef = BD667AD125A3055D001B0BA3 /* LaunchScreen.storyboard */; };
		BD667ADE25A3055D001B0BA3 /* layoutTests.swift in Sources */ = {isa = PBXBuildFile; fileRef = BD667ADD25A3055D001B0BA3 /* layoutTests.swift */; };
		BD667AE925A3055D001B0BA3 /* layoutUITests.swift in Sources */ = {isa = PBXBuildFile; fileRef = BD667AE825A3055D001B0BA3 /* layoutUITests.swift */; };
		BD667AFA25A33185001B0BA3 /* CustomButton.swift in Sources */ = {isa = PBXBuildFile; fileRef = BD667AF925A33185001B0BA3 /* CustomButton.swift */; };
		BD667AFF25A334E9001B0BA3 /* CustomStackView.swift in Sources */ = {isa = PBXBuildFile; fileRef = BD667AFE25A334E9001B0BA3 /* CustomStackView.swift */; };
/* End PBXBuildFile section */

/* Begin PBXContainerItemProxy section */
		BD667ADA25A3055D001B0BA3 /* PBXContainerItemProxy */ = {
			isa = PBXContainerItemProxy;
			containerPortal = BD667ABB25A3055D001B0BA3 /* Project object */;
			proxyType = 1;
			remoteGlobalIDString = BD667AC225A3055D001B0BA3;
			remoteInfo = layout;
		};
		BD667AE525A3055D001B0BA3 /* PBXContainerItemProxy */ = {
			isa = PBXContainerItemProxy;
			containerPortal = BD667ABB25A3055D001B0BA3 /* Project object */;
			proxyType = 1;
			remoteGlobalIDString = BD667AC225A3055D001B0BA3;
			remoteInfo = layout;
		};
/* End PBXContainerItemProxy section */

/* Begin PBXFileReference section */
		BD667AC325A3055D001B0BA3 /* layout.app */ = {isa = PBXFileReference; explicitFileType = wrapper.application; includeInIndex = 0; path = layout.app; sourceTree = BUILT_PRODUCTS_DIR; };
		BD667AC625A3055D001B0BA3 /* AppDelegate.swift */ = {isa = PBXFileReference; lastKnownFileType = sourcecode.swift; path = AppDelegate.swift; sourceTree = "<group>"; };
		BD667AC825A3055D001B0BA3 /* SceneDelegate.swift */ = {isa = PBXFileReference; lastKnownFileType = sourcecode.swift; path = SceneDelegate.swift; sourceTree = "<group>"; };
		BD667ACA25A3055D001B0BA3 /* ViewController.swift */ = {isa = PBXFileReference; lastKnownFileType = sourcecode.swift; path = ViewController.swift; sourceTree = "<group>"; };
		BD667ACD25A3055D001B0BA3 /* Base */ = {isa = PBXFileReference; lastKnownFileType = file.storyboard; name = Base; path = Base.lproj/Main.storyboard; sourceTree = "<group>"; };
		BD667ACF25A3055D001B0BA3 /* Assets.xcassets */ = {isa = PBXFileReference; lastKnownFileType = folder.assetcatalog; path = Assets.xcassets; sourceTree = "<group>"; };
		BD667AD225A3055D001B0BA3 /* Base */ = {isa = PBXFileReference; lastKnownFileType = file.storyboard; name = Base; path = Base.lproj/LaunchScreen.storyboard; sourceTree = "<group>"; };
		BD667AD425A3055D001B0BA3 /* Info.plist */ = {isa = PBXFileReference; lastKnownFileType = text.plist.xml; path = Info.plist; sourceTree = "<group>"; };
		BD667AD925A3055D001B0BA3 /* layoutTests.xctest */ = {isa = PBXFileReference; explicitFileType = wrapper.cfbundle; includeInIndex = 0; path = layoutTests.xctest; sourceTree = BUILT_PRODUCTS_DIR; };
		BD667ADD25A3055D001B0BA3 /* layoutTests.swift */ = {isa = PBXFileReference; lastKnownFileType = sourcecode.swift; path = layoutTests.swift; sourceTree = "<group>"; };
		BD667ADF25A3055D001B0BA3 /* Info.plist */ = {isa = PBXFileReference; lastKnownFileType = text.plist.xml; path = Info.plist; sourceTree = "<group>"; };
		BD667AE425A3055D001B0BA3 /* layoutUITests.xctest */ = {isa = PBXFileReference; explicitFileType = wrapper.cfbundle; includeInIndex = 0; path = layoutUITests.xctest; sourceTree = BUILT_PRODUCTS_DIR; };
		BD667AE825A3055D001B0BA3 /* layoutUITests.swift */ = {isa = PBXFileReference; lastKnownFileType = sourcecode.swift; path = layoutUITests.swift; sourceTree = "<group>"; };
		BD667AEA25A3055D001B0BA3 /* Info.plist */ = {isa = PBXFileReference; lastKnownFileType = text.plist.xml; path = Info.plist; sourceTree = "<group>"; };
		BD667AF925A33185001B0BA3 /* CustomButton.swift */ = {isa = PBXFileReference; lastKnownFileType = sourcecode.swift; path = CustomButton.swift; sourceTree = "<group>"; };
		BD667AFE25A334E9001B0BA3 /* CustomStackView.swift */ = {isa = PBXFileReference; lastKnownFileType = sourcecode.swift; path = CustomStackView.swift; sourceTree = "<group>"; };
/* End PBXFileReference section */

/* Begin PBXFrameworksBuildPhase section */
		BD667AC025A3055D001B0BA3 /* Frameworks */ = {
			isa = PBXFrameworksBuildPhase;
			buildActionMask = 2147483647;
			files = (
			);
			runOnlyForDeploymentPostprocessing = 0;
		};
		BD667AD625A3055D001B0BA3 /* Frameworks */ = {
			isa = PBXFrameworksBuildPhase;
			buildActionMask = 2147483647;
			files = (
			);
			runOnlyForDeploymentPostprocessing = 0;
		};
		BD667AE125A3055D001B0BA3 /* Frameworks */ = {
			isa = PBXFrameworksBuildPhase;
			buildActionMask = 2147483647;
			files = (
			);
			runOnlyForDeploymentPostprocessing = 0;
		};
/* End PBXFrameworksBuildPhase section */

/* Begin PBXGroup section */
		BD667ABA25A3055D001B0BA3 = {
			isa = PBXGroup;
			children = (
				BD667AC525A3055D001B0BA3 /* layout */,
				BD667ADC25A3055D001B0BA3 /* layoutTests */,
				BD667AE725A3055D001B0BA3 /* layoutUITests */,
				BD667AC425A3055D001B0BA3 /* Products */,
			);
			sourceTree = "<group>";
		};
		BD667AC425A3055D001B0BA3 /* Products */ = {
			isa = PBXGroup;
			children = (
				BD667AC325A3055D001B0BA3 /* layout.app */,
				BD667AD925A3055D001B0BA3 /* layoutTests.xctest */,
				BD667AE425A3055D001B0BA3 /* layoutUITests.xctest */,
			);
			name = Products;
			sourceTree = "<group>";
		};
		BD667AC525A3055D001B0BA3 /* layout */ = {
			isa = PBXGroup;
			children = (
				BD667B0325A33583001B0BA3 /* module */,
				BD667AC625A3055D001B0BA3 /* AppDelegate.swift */,
				BD667AC825A3055D001B0BA3 /* SceneDelegate.swift */,
				BD667ACC25A3055D001B0BA3 /* Main.storyboard */,
				BD667ACF25A3055D001B0BA3 /* Assets.xcassets */,
				BD667AD125A3055D001B0BA3 /* LaunchScreen.storyboard */,
				BD667AD425A3055D001B0BA3 /* Info.plist */,
			);
			path = layout;
			sourceTree = "<group>";
		};
		BD667ADC25A3055D001B0BA3 /* layoutTests */ = {
			isa = PBXGroup;
			children = (
				BD667ADD25A3055D001B0BA3 /* layoutTests.swift */,
				BD667ADF25A3055D001B0BA3 /* Info.plist */,
			);
			path = layoutTests;
			sourceTree = "<group>";
		};
		BD667AE725A3055D001B0BA3 /* layoutUITests */ = {
			isa = PBXGroup;
			children = (
				BD667AE825A3055D001B0BA3 /* layoutUITests.swift */,
				BD667AEA25A3055D001B0BA3 /* Info.plist */,
			);
			path = layoutUITests;
			sourceTree = "<group>";
		};
		BD667B0325A33583001B0BA3 /* module */ = {
			isa = PBXGroup;
			children = (
				BD667B0425A3359B001B0BA3 /* signin */,
			);
			path = module;
			sourceTree = "<group>";
		};
		BD667B0425A3359B001B0BA3 /* signin */ = {
			isa = PBXGroup;
			children = (
				BD667ACA25A3055D001B0BA3 /* ViewController.swift */,
				BD667B0A25A34901001B0BA3 /* views */,
			);
			path = signin;
			sourceTree = "<group>";
		};
		BD667B0A25A34901001B0BA3 /* views */ = {
			isa = PBXGroup;
			children = (
				BD667AF925A33185001B0BA3 /* CustomButton.swift */,
				BD667AFE25A334E9001B0BA3 /* CustomStackView.swift */,
			);
			path = views;
			sourceTree = "<group>";
		};
/* End PBXGroup section */

/* Begin PBXNativeTarget section */
		BD667AC225A3055D001B0BA3 /* layout */ = {
			isa = PBXNativeTarget;
			buildConfigurationList = BD667AED25A3055D001B0BA3 /* Build configuration list for PBXNativeTarget "layout" */;
			buildPhases = (
				BD667ABF25A3055D001B0BA3 /* Sources */,
				BD667AC025A3055D001B0BA3 /* Frameworks */,
				BD667AC125A3055D001B0BA3 /* Resources */,
			);
			buildRules = (
			);
			dependencies = (
			);
			name = layout;
			productName = layout;
			productReference = BD667AC325A3055D001B0BA3 /* layout.app */;
			productType = "com.apple.product-type.application";
		};
		BD667AD825A3055D001B0BA3 /* layoutTests */ = {
			isa = PBXNativeTarget;
			buildConfigurationList = BD667AF025A3055D001B0BA3 /* Build configuration list for PBXNativeTarget "layoutTests" */;
			buildPhases = (
				BD667AD525A3055D001B0BA3 /* Sources */,
				BD667AD625A3055D001B0BA3 /* Frameworks */,
				BD667AD725A3055D001B0BA3 /* Resources */,
			);
			buildRules = (
			);
			dependencies = (
				BD667ADB25A3055D001B0BA3 /* PBXTargetDependency */,
			);
			name = layoutTests;
			productName = layoutTests;
			productReference = BD667AD925A3055D001B0BA3 /* layoutTests.xctest */;
			productType = "com.apple.product-type.bundle.unit-test";
		};
		BD667AE325A3055D001B0BA3 /* layoutUITests */ = {
			isa = PBXNativeTarget;
			buildConfigurationList = BD667AF325A3055D001B0BA3 /* Build configuration list for PBXNativeTarget "layoutUITests" */;
			buildPhases = (
				BD667AE025A3055D001B0BA3 /* Sources */,
				BD667AE125A3055D001B0BA3 /* Frameworks */,
				BD667AE225A3055D001B0BA3 /* Resources */,
			);
			buildRules = (
			);
			dependencies = (
				BD667AE625A3055D001B0BA3 /* PBXTargetDependency */,
			);
			name = layoutUITests;
			productName = layoutUITests;
			productReference = BD667AE425A3055D001B0BA3 /* layoutUITests.xctest */;
			productType = "com.apple.product-type.bundle.ui-testing";
		};
/* End PBXNativeTarget section */

/* Begin PBXProject section */
		BD667ABB25A3055D001B0BA3 /* Project object */ = {
			isa = PBXProject;
			attributes = {
				LastSwiftUpdateCheck = 1220;
				LastUpgradeCheck = 1220;
				TargetAttributes = {
					BD667AC225A3055D001B0BA3 = {
						CreatedOnToolsVersion = 12.2;
					};
					BD667AD825A3055D001B0BA3 = {
						CreatedOnToolsVersion = 12.2;
						TestTargetID = BD667AC225A3055D001B0BA3;
					};
					BD667AE325A3055D001B0BA3 = {
						CreatedOnToolsVersion = 12.2;
						TestTargetID = BD667AC225A3055D001B0BA3;
					};
				};
			};
			buildConfigurationList = BD667ABE25A3055D001B0BA3 /* Build configuration list for PBXProject "layout" */;
			compatibilityVersion = "Xcode 9.3";
			developmentRegion = en;
			hasScannedForEncodings = 0;
			knownRegions = (
				en,
				Base,
			);
			mainGroup = BD667ABA25A3055D001B0BA3;
			productRefGroup = BD667AC425A3055D001B0BA3 /* Products */;
			projectDirPath = "";
			projectRoot = "";
			targets = (
				BD667AC225A3055D001B0BA3 /* layout */,
				BD667AD825A3055D001B0BA3 /* layoutTests */,
				BD667AE325A3055D001B0BA3 /* layoutUITests */,
			);
		};
/* End PBXProject section */

/* Begin PBXResourcesBuildPhase section */
		BD667AC125A3055D001B0BA3 /* Resources */ = {
			isa = PBXResourcesBuildPhase;
			buildActionMask = 2147483647;
			files = (
				BD667AD325A3055D001B0BA3 /* LaunchScreen.storyboard in Resources */,
				BD667AD025A3055D001B0BA3 /* Assets.xcassets in Resources */,
				BD667ACE25A3055D001B0BA3 /* Main.storyboard in Resources */,
			);
			runOnlyForDeploymentPostprocessing = 0;
		};
		BD667AD725A3055D001B0BA3 /* Resources */ = {
			isa = PBXResourcesBuildPhase;
			buildActionMask = 2147483647;
			files = (
			);
			runOnlyForDeploymentPostprocessing = 0;
		};
		BD667AE225A3055D001B0BA3 /* Resources */ = {
			isa = PBXResourcesBuildPhase;
			buildActionMask = 2147483647;
			files = (
			);
			runOnlyForDeploymentPostprocessing = 0;
		};
/* End PBXResourcesBuildPhase section */

/* Begin PBXSourcesBuildPhase section */
		BD667ABF25A3055D001B0BA3 /* Sources */ = {
			isa = PBXSourcesBuildPhase;
			buildActionMask = 2147483647;
			files = (
				BD667AFF25A334E9001B0BA3 /* CustomStackView.swift in Sources */,
				BD667AFA25A33185001B0BA3 /* CustomButton.swift in Sources */,
				BD667ACB25A3055D001B0BA3 /* ViewController.swift in Sources */,
				BD667AC725A3055D001B0BA3 /* AppDelegate.swift in Sources */,
				BD667AC925A3055D001B0BA3 /* SceneDelegate.swift in Sources */,
			);
			runOnlyForDeploymentPostprocessing = 0;
		};
		BD667AD525A3055D001B0BA3 /* Sources */ = {
			isa = PBXSourcesBuildPhase;
			buildActionMask = 2147483647;
			files = (
				BD667ADE25A3055D001B0BA3 /* layoutTests.swift in Sources */,
			);
			runOnlyForDeploymentPostprocessing = 0;
		};
		BD667AE025A3055D001B0BA3 /* Sources */ = {
			isa = PBXSourcesBuildPhase;
			buildActionMask = 2147483647;
			files = (
				BD667AE925A3055D001B0BA3 /* layoutUITests.swift in Sources */,
			);
			runOnlyForDeploymentPostprocessing = 0;
		};
/* End PBXSourcesBuildPhase section */

/* Begin PBXTargetDependency section */
		BD667ADB25A3055D001B0BA3 /* PBXTargetDependency */ = {
			isa = PBXTargetDependency;
			target = BD667AC225A3055D001B0BA3 /* layout */;
			targetProxy = BD667ADA25A3055D001B0BA3 /* PBXContainerItemProxy */;
		};
		BD667AE625A3055D001B0BA3 /* PBXTargetDependency */ = {
			isa = PBXTargetDependency;
			target = BD667AC225A3055D001B0BA3 /* layout */;
			targetProxy = BD667AE525A3055D001B0BA3 /* PBXContainerItemProxy */;
		};
/* End PBXTargetDependency section */

/* Begin PBXVariantGroup section */
		BD667ACC25A3055D001B0BA3 /* Main.storyboard */ = {
			isa = PBXVariantGroup;
			children = (
				BD667ACD25A3055D001B0BA3 /* Base */,
			);
			name = Main.storyboard;
			sourceTree = "<group>";
		};
		BD667AD125A3055D001B0BA3 /* LaunchScreen.storyboard */ = {
			isa = PBXVariantGroup;
			children = (
				BD667AD225A3055D001B0BA3 /* Base */,
			);
			name = LaunchScreen.storyboard;
			sourceTree = "<group>";
		};
/* End PBXVariantGroup section */

/* Begin XCBuildConfiguration section */
		BD667AEB25A3055D001B0BA3 /* Debug */ = {
			isa = XCBuildConfiguration;
			buildSettings = {
				ALWAYS_SEARCH_USER_PATHS = NO;
				CLANG_ANALYZER_NONNULL = YES;
				CLANG_ANALYZER_NUMBER_OBJECT_CONVERSION = YES_AGGRESSIVE;
				CLANG_CXX_LANGUAGE_STANDARD = "gnu++14";
				CLANG_CXX_LIBRARY = "libc++";
				CLANG_ENABLE_MODULES = YES;
				CLANG_ENABLE_OBJC_ARC = YES;
				CLANG_ENABLE_OBJC_WEAK = YES;
				CLANG_WARN_BLOCK_CAPTURE_AUTORELEASING = YES;
				CLANG_WARN_BOOL_CONVERSION = YES;
				CLANG_WARN_COMMA = YES;
				CLANG_WARN_CONSTANT_CONVERSION = YES;
				CLANG_WARN_DEPRECATED_OBJC_IMPLEMENTATIONS = YES;
				CLANG_WARN_DIRECT_OBJC_ISA_USAGE = YES_ERROR;
				CLANG_WARN_DOCUMENTATION_COMMENTS = YES;
				CLANG_WARN_EMPTY_BODY = YES;
				CLANG_WARN_ENUM_CONVERSION = YES;
				CLANG_WARN_INFINITE_RECURSION = YES;
				CLANG_WARN_INT_CONVERSION = YES;
				CLANG_WARN_NON_LITERAL_NULL_CONVERSION = YES;
				CLANG_WARN_OBJC_IMPLICIT_RETAIN_SELF = YES;
				CLANG_WARN_OBJC_LITERAL_CONVERSION = YES;
				CLANG_WARN_OBJC_ROOT_CLASS = YES_ERROR;
				CLANG_WARN_QUOTED_INCLUDE_IN_FRAMEWORK_HEADER = YES;
				CLANG_WARN_RANGE_LOOP_ANALYSIS = YES;
				CLANG_WARN_STRICT_PROTOTYPES = YES;
				CLANG_WARN_SUSPICIOUS_MOVE = YES;
				CLANG_WARN_UNGUARDED_AVAILABILITY = YES_AGGRESSIVE;
				CLANG_WARN_UNREACHABLE_CODE = YES;
				CLANG_WARN__DUPLICATE_METHOD_MATCH = YES;
				COPY_PHASE_STRIP = NO;
				DEBUG_INFORMATION_FORMAT = dwarf;
				ENABLE_STRICT_OBJC_MSGSEND = YES;
				ENABLE_TESTABILITY = YES;
				GCC_C_LANGUAGE_STANDARD = gnu11;
				GCC_DYNAMIC_NO_PIC = NO;
				GCC_NO_COMMON_BLOCKS = YES;
				GCC_OPTIMIZATION_LEVEL = 0;
				GCC_PREPROCESSOR_DEFINITIONS = (
					"DEBUG=1",
					"$(inherited)",
				);
				GCC_WARN_64_TO_32_BIT_CONVERSION = YES;
				GCC_WARN_ABOUT_RETURN_TYPE = YES_ERROR;
				GCC_WARN_UNDECLARED_SELECTOR = YES;
				GCC_WARN_UNINITIALIZED_AUTOS = YES_AGGRESSIVE;
				GCC_WARN_UNUSED_FUNCTION = YES;
				GCC_WARN_UNUSED_VARIABLE = YES;
				IPHONEOS_DEPLOYMENT_TARGET = 14.2;
				MTL_ENABLE_DEBUG_INFO = INCLUDE_SOURCE;
				MTL_FAST_MATH = YES;
				ONLY_ACTIVE_ARCH = YES;
				SDKROOT = iphoneos;
				SWIFT_ACTIVE_COMPILATION_CONDITIONS = DEBUG;
				SWIFT_OPTIMIZATION_LEVEL = "-Onone";
			};
			name = Debug;
		};
		BD667AEC25A3055D001B0BA3 /* Release */ = {
			isa = XCBuildConfiguration;
			buildSettings = {
				ALWAYS_SEARCH_USER_PATHS = NO;
				CLANG_ANALYZER_NONNULL = YES;
				CLANG_ANALYZER_NUMBER_OBJECT_CONVERSION = YES_AGGRESSIVE;
				CLANG_CXX_LANGUAGE_STANDARD = "gnu++14";
				CLANG_CXX_LIBRARY = "libc++";
				CLANG_ENABLE_MODULES = YES;
				CLANG_ENABLE_OBJC_ARC = YES;
				CLANG_ENABLE_OBJC_WEAK = YES;
				CLANG_WARN_BLOCK_CAPTURE_AUTORELEASING = YES;
				CLANG_WARN_BOOL_CONVERSION = YES;
				CLANG_WARN_COMMA = YES;
				CLANG_WARN_CONSTANT_CONVERSION = YES;
				CLANG_WARN_DEPRECATED_OBJC_IMPLEMENTATIONS = YES;
				CLANG_WARN_DIRECT_OBJC_ISA_USAGE = YES_ERROR;
				CLANG_WARN_DOCUMENTATION_COMMENTS = YES;
				CLANG_WARN_EMPTY_BODY = YES;
				CLANG_WARN_ENUM_CONVERSION = YES;
				CLANG_WARN_INFINITE_RECURSION = YES;
				CLANG_WARN_INT_CONVERSION = YES;
				CLANG_WARN_NON_LITERAL_NULL_CONVERSION = YES;
				CLANG_WARN_OBJC_IMPLICIT_RETAIN_SELF = YES;
				CLANG_WARN_OBJC_LITERAL_CONVERSION = YES;
				CLANG_WARN_OBJC_ROOT_CLASS = YES_ERROR;
				CLANG_WARN_QUOTED_INCLUDE_IN_FRAMEWORK_HEADER = YES;
				CLANG_WARN_RANGE_LOOP_ANALYSIS = YES;
				CLANG_WARN_STRICT_PROTOTYPES = YES;
				CLANG_WARN_SUSPICIOUS_MOVE = YES;
				CLANG_WARN_UNGUARDED_AVAILABILITY = YES_AGGRESSIVE;
				CLANG_WARN_UNREACHABLE_CODE = YES;
				CLANG_WARN__DUPLICATE_METHOD_MATCH = YES;
				COPY_PHASE_STRIP = NO;
				DEBUG_INFORMATION_FORMAT = "dwarf-with-dsym";
				ENABLE_NS_ASSERTIONS = NO;
				ENABLE_STRICT_OBJC_MSGSEND = YES;
				GCC_C_LANGUAGE_STANDARD = gnu11;
				GCC_NO_COMMON_BLOCKS = YES;
				GCC_WARN_64_TO_32_BIT_CONVERSION = YES;
				GCC_WARN_ABOUT_RETURN_TYPE = YES_ERROR;
				GCC_WARN_UNDECLARED_SELECTOR = YES;
				GCC_WARN_UNINITIALIZED_AUTOS = YES_AGGRESSIVE;
				GCC_WARN_UNUSED_FUNCTION = YES;
				GCC_WARN_UNUSED_VARIABLE = YES;
				IPHONEOS_DEPLOYMENT_TARGET = 14.2;
				MTL_ENABLE_DEBUG_INFO = NO;
				MTL_FAST_MATH = YES;
				SDKROOT = iphoneos;
				SWIFT_COMPILATION_MODE = wholemodule;
				SWIFT_OPTIMIZATION_LEVEL = "-O";
				VALIDATE_PRODUCT = YES;
			};
			name = Release;
		};
		BD667AEE25A3055D001B0BA3 /* Debug */ = {
			isa = XCBuildConfiguration;
			buildSettings = {
				ASSETCATALOG_COMPILER_APPICON_NAME = AppIcon;
				ASSETCATALOG_COMPILER_GLOBAL_ACCENT_COLOR_NAME = AccentColor;
				CODE_SIGN_STYLE = Automatic;
				DEVELOPMENT_TEAM = 9YF64DC6BP;
				INFOPLIST_FILE = layout/Info.plist;
				LD_RUNPATH_SEARCH_PATHS = (
					"$(inherited)",
					"@executable_path/Frameworks",
				);
				PRODUCT_BUNDLE_IDENTIFIER = kr.kimn.layout;
				PRODUCT_NAME = "$(TARGET_NAME)";
				SWIFT_VERSION = 5.0;
				TARGETED_DEVICE_FAMILY = "1,2";
			};
			name = Debug;
		};
		BD667AEF25A3055D001B0BA3 /* Release */ = {
			isa = XCBuildConfiguration;
			buildSettings = {
				ASSETCATALOG_COMPILER_APPICON_NAME = AppIcon;
				ASSETCATALOG_COMPILER_GLOBAL_ACCENT_COLOR_NAME = AccentColor;
				CODE_SIGN_STYLE = Automatic;
				DEVELOPMENT_TEAM = 9YF64DC6BP;
				INFOPLIST_FILE = layout/Info.plist;
				LD_RUNPATH_SEARCH_PATHS = (
					"$(inherited)",
					"@executable_path/Frameworks",
				);
				PRODUCT_BUNDLE_IDENTIFIER = kr.kimn.layout;
				PRODUCT_NAME = "$(TARGET_NAME)";
				SWIFT_VERSION = 5.0;
				TARGETED_DEVICE_FAMILY = "1,2";
			};
			name = Release;
		};
		BD667AF125A3055D001B0BA3 /* Debug */ = {
			isa = XCBuildConfiguration;
			buildSettings = {
				ALWAYS_EMBED_SWIFT_STANDARD_LIBRARIES = YES;
				BUNDLE_LOADER = "$(TEST_HOST)";
				CODE_SIGN_STYLE = Automatic;
				DEVELOPMENT_TEAM = 9YF64DC6BP;
				INFOPLIST_FILE = layoutTests/Info.plist;
				IPHONEOS_DEPLOYMENT_TARGET = 14.2;
				LD_RUNPATH_SEARCH_PATHS = (
					"$(inherited)",
					"@executable_path/Frameworks",
					"@loader_path/Frameworks",
				);
				PRODUCT_BUNDLE_IDENTIFIER = kr.kimn.layoutTests;
				PRODUCT_NAME = "$(TARGET_NAME)";
				SWIFT_VERSION = 5.0;
				TARGETED_DEVICE_FAMILY = "1,2";
				TEST_HOST = "$(BUILT_PRODUCTS_DIR)/layout.app/layout";
			};
			name = Debug;
		};
		BD667AF225A3055D001B0BA3 /* Release */ = {
			isa = XCBuildConfiguration;
			buildSettings = {
				ALWAYS_EMBED_SWIFT_STANDARD_LIBRARIES = YES;
				BUNDLE_LOADER = "$(TEST_HOST)";
				CODE_SIGN_STYLE = Automatic;
				DEVELOPMENT_TEAM = 9YF64DC6BP;
				INFOPLIST_FILE = layoutTests/Info.plist;
				IPHONEOS_DEPLOYMENT_TARGET = 14.2;
				LD_RUNPATH_SEARCH_PATHS = (
					"$(inherited)",
					"@executable_path/Frameworks",
					"@loader_path/Frameworks",
				);
				PRODUCT_BUNDLE_IDENTIFIER = kr.kimn.layoutTests;
				PRODUCT_NAME = "$(TARGET_NAME)";
				SWIFT_VERSION = 5.0;
				TARGETED_DEVICE_FAMILY = "1,2";
				TEST_HOST = "$(BUILT_PRODUCTS_DIR)/layout.app/layout";
			};
			name = Release;
		};
		BD667AF425A3055D001B0BA3 /* Debug */ = {
			isa = XCBuildConfiguration;
			buildSettings = {
				ALWAYS_EMBED_SWIFT_STANDARD_LIBRARIES = YES;
				CODE_SIGN_STYLE = Automatic;
				DEVELOPMENT_TEAM = 9YF64DC6BP;
				INFOPLIST_FILE = layoutUITests/Info.plist;
				LD_RUNPATH_SEARCH_PATHS = (
					"$(inherited)",
					"@executable_path/Frameworks",
					"@loader_path/Frameworks",
				);
				PRODUCT_BUNDLE_IDENTIFIER = kr.kimn.layoutUITests;
				PRODUCT_NAME = "$(TARGET_NAME)";
				SWIFT_VERSION = 5.0;
				TARGETED_DEVICE_FAMILY = "1,2";
				TEST_TARGET_NAME = layout;
			};
			name = Debug;
		};
		BD667AF525A3055D001B0BA3 /* Release */ = {
			isa = XCBuildConfiguration;
			buildSettings = {
				ALWAYS_EMBED_SWIFT_STANDARD_LIBRARIES = YES;
				CODE_SIGN_STYLE = Automatic;
				DEVELOPMENT_TEAM = 9YF64DC6BP;
				INFOPLIST_FILE = layoutUITests/Info.plist;
				LD_RUNPATH_SEARCH_PATHS = (
					"$(inherited)",
					"@executable_path/Frameworks",
					"@loader_path/Frameworks",
				);
				PRODUCT_BUNDLE_IDENTIFIER = kr.kimn.layoutUITests;
				PRODUCT_NAME = "$(TARGET_NAME)";
				SWIFT_VERSION = 5.0;
				TARGETED_DEVICE_FAMILY = "1,2";
				TEST_TARGET_NAME = layout;
			};
			name = Release;
		};
/* End XCBuildConfiguration section */

/* Begin XCConfigurationList section */
		BD667ABE25A3055D001B0BA3 /* Build configuration list for PBXProject "layout" */ = {
			isa = XCConfigurationList;
			buildConfigurations = (
				BD667AEB25A3055D001B0BA3 /* Debug */,
				BD667AEC25A3055D001B0BA3 /* Release */,
			);
			defaultConfigurationIsVisible = 0;
			defaultConfigurationName = Release;
		};
		BD667AED25A3055D001B0BA3 /* Build configuration list for PBXNativeTarget "layout" */ = {
			isa = XCConfigurationList;
			buildConfigurations = (
				BD667AEE25A3055D001B0BA3 /* Debug */,
				BD667AEF25A3055D001B0BA3 /* Release */,
			);
			defaultConfigurationIsVisible = 0;
			defaultConfigurationName = Release;
		};
		BD667AF025A3055D001B0BA3 /* Build configuration list for PBXNativeTarget "layoutTests" */ = {
			isa = XCConfigurationList;
			buildConfigurations = (
				BD667AF125A3055D001B0BA3 /* Debug */,
				BD667AF225A3055D001B0BA3 /* Release */,
			);
			defaultConfigurationIsVisible = 0;
			defaultConfigurationName = Release;
		};
		BD667AF325A3055D001B0BA3 /* Build configuration list for PBXNativeTarget "layoutUITests" */ = {
			isa = XCConfigurationList;
			buildConfigurations = (
				BD667AF425A3055D001B0BA3 /* Debug */,
				BD667AF525A3055D001B0BA3 /* Release */,
			);
			defaultConfigurationIsVisible = 0;
			defaultConfigurationName = Release;
		};
/* End XCConfigurationList section */
	};
	rootObject = BD667ABB25A3055D001B0BA3 /* Project object */;
}
